dependencies:
- name: redis-ha
  repository: https://kubernetes-charts.storage.googleapis.com/
  version: 4.4.0
- name: rabbitmq-ha
  repository: https://kubernetes-charts.storage.googleapis.com/
  version: 1.38.2
- name: postgresql
  repository: https://kubernetes-charts.storage.googleapis.com/
  version: 7.1.0
digest: sha256:9e9b5403ae23315730da2b15644bf19d19abbf0facd2a75090c2892427566ccd
generated: "2020-02-21T15:04:17.107243+09:00"
