dependencies:
- name: redis-ha
  repository: https://kubernetes-charts.storage.googleapis.com/
  version: 4.3.3
- name: rabbitmq-ha
  repository: https://kubernetes-charts.storage.googleapis.com/
  version: 1.38.2
- name: postgresql
  repository: https://kubernetes-charts.storage.googleapis.com/
  version: 7.1.0
digest: sha256:7ec89031cb77b071c2b63151014a1a5ab768c027943d15d5745ee2c818d62d3c
generated: "2020-02-12T13:37:31.9285404+09:00"
